
Microsoft Visual Studio Solution File, Format Version 12.00
# Visual Studio Version 17
VisualStudioVersion = 17.6.33723.286
MinimumVisualStudioVersion = 10.0.40219.1
Project("{FAE04EC0-301F-11D3-BF4B-00C04F79EFBC}") = "ApiCatalogo", "ApiCatalogo\ApiCatalogo.csproj", "{B4D23E80-7239-480C-A36B-910AD073989E}"
EndProject
Global
	GlobalSection(SolutionConfigurationPlatforms) = preSolution
		Debug|Any CPU = Debug|Any CPU
		Release|Any CPU = Release|Any CPU
	EndGlobalSection
	GlobalSection(ProjectConfigurationPlatforms) = postSolution
		{B4D23E80-7239-480C-A36B-910AD073989E}.Debug|Any CPU.ActiveCfg = Debug|Any CPU
		{B4D23E80-7239-480C-A36B-910AD073989E}.Debug|Any CPU.Build.0 = Debug|Any CPU
		{B4D23E80-7239-480C-A36B-910AD073989E}.Release|Any CPU.ActiveCfg = Release|Any CPU
		{B4D23E80-7239-480C-A36B-910AD073989E}.Release|Any CPU.Build.0 = Release|Any CPU
	EndGlobalSection
	GlobalSection(SolutionProperties) = preSolution
		HideSolutionNode = FALSE
	EndGlobalSection
	GlobalSection(ExtensibilityGlobals) = postSolution
		SolutionGuid = {123478EC-BD46-4FC4-9374-BF833B9FDF5E}
	EndGlobalSection
EndGlobal
